
Microsoft Visual Studio Solution File, Format Version 12.00
# Visual Studio Version 17
VisualStudioVersion = 17.11.35327.3
MinimumVisualStudioVersion = 10.0.40219.1
Project("{FAE04EC0-301F-11D3-BF4B-00C04F79EFBC}") = "ConsoleApp1", "ConsoleApp1\ConsoleApp1.csproj", "{DCBC95EA-A9E6-44BB-8F76-2BB271C010CC}"
EndProject
Global
	GlobalSection(SolutionConfigurationPlatforms) = preSolution
		Debug|Any CPU = Debug|Any CPU
		Release|Any CPU = Release|Any CPU
	EndGlobalSection
	GlobalSection(ProjectConfigurationPlatforms) = postSolution
		{DCBC95EA-A9E6-44BB-8F76-2BB271C010CC}.Debug|Any CPU.ActiveCfg = Debug|Any CPU
		{DCBC95EA-A9E6-44BB-8F76-2BB271C010CC}.Debug|Any CPU.Build.0 = Debug|Any CPU
		{DCBC95EA-A9E6-44BB-8F76-2BB271C010CC}.Release|Any CPU.ActiveCfg = Release|Any CPU
		{DCBC95EA-A9E6-44BB-8F76-2BB271C010CC}.Release|Any CPU.Build.0 = Release|Any CPU
	EndGlobalSection
	GlobalSection(SolutionProperties) = preSolution
		HideSolutionNode = FALSE
	EndGlobalSection
	GlobalSection(ExtensibilityGlobals) = postSolution
		SolutionGuid = {65769215-44F9-4382-B35B-25E4F70C51EA}
	EndGlobalSection
EndGlobal
